
Microsoft Visual Studio Solution File, Format Version 12.00
# Visual Studio Version 17
VisualStudioVersion = 17.14.36429.23 d17.14
MinimumVisualStudioVersion = 10.0.40219.1
Project("{FAE04EC0-301F-11D3-BF4B-00C04F79EFBC}") = "ICA2_DareenKN", "ICA2_DareenKN\ICA2_DareenKN.csproj", "{520A5FC1-206F-482F-A09C-73593544483E}"
EndProject
Global
	GlobalSection(SolutionConfigurationPlatforms) = preSolution
		Debug|Any CPU = Debug|Any CPU
		Release|Any CPU = Release|Any CPU
	EndGlobalSection
	GlobalSection(ProjectConfigurationPlatforms) = postSolution
		{520A5FC1-206F-482F-A09C-73593544483E}.Debug|Any CPU.ActiveCfg = Debug|Any CPU
		{520A5FC1-206F-482F-A09C-73593544483E}.Debug|Any CPU.Build.0 = Debug|Any CPU
		{520A5FC1-206F-482F-A09C-73593544483E}.Release|Any CPU.ActiveCfg = Release|Any CPU
		{520A5FC1-206F-482F-A09C-73593544483E}.Release|Any CPU.Build.0 = Release|Any CPU
	EndGlobalSection
	GlobalSection(SolutionProperties) = preSolution
		HideSolutionNode = FALSE
	EndGlobalSection
	GlobalSection(ExtensibilityGlobals) = postSolution
		SolutionGuid = {EC57379E-409B-4A53-9F49-6E12C7A00E76}
	EndGlobalSection
EndGlobal
