
Microsoft Visual Studio Solution File, Format Version 12.00
# Visual Studio Version 17
VisualStudioVersion = 17.14.36327.8 d17.14
MinimumVisualStudioVersion = 10.0.40219.1
Project("{FAE04EC0-301F-11D3-BF4B-00C04F79EFBC}") = "Lecture1Demo3", "Lecture1Demo3\Lecture1Demo3.csproj", "{807E8AE1-51EF-4F36-870A-0BE5448B4AEA}"
EndProject
Global
	GlobalSection(SolutionConfigurationPlatforms) = preSolution
		Debug|Any CPU = Debug|Any CPU
		Release|Any CPU = Release|Any CPU
	EndGlobalSection
	GlobalSection(ProjectConfigurationPlatforms) = postSolution
		{807E8AE1-51EF-4F36-870A-0BE5448B4AEA}.Debug|Any CPU.ActiveCfg = Debug|Any CPU
		{807E8AE1-51EF-4F36-870A-0BE5448B4AEA}.Debug|Any CPU.Build.0 = Debug|Any CPU
		{807E8AE1-51EF-4F36-870A-0BE5448B4AEA}.Release|Any CPU.ActiveCfg = Release|Any CPU
		{807E8AE1-51EF-4F36-870A-0BE5448B4AEA}.Release|Any CPU.Build.0 = Release|Any CPU
	EndGlobalSection
	GlobalSection(SolutionProperties) = preSolution
		HideSolutionNode = FALSE
	EndGlobalSection
	GlobalSection(ExtensibilityGlobals) = postSolution
		SolutionGuid = {6CC511FB-EA21-49CB-87C1-0A833D0E1CA9}
	EndGlobalSection
EndGlobal
