
Microsoft Visual Studio Solution File, Format Version 12.00
# Visual Studio Version 17
VisualStudioVersion = 17.14.36327.8 d17.14
MinimumVisualStudioVersion = 10.0.40219.1
Project("{FAE04EC0-301F-11D3-BF4B-00C04F79EFBC}") = "Lecture1Demo1", "Lecture1Demo1\Lecture1Demo1.csproj", "{33E92BD3-4EED-4C7F-B36B-F796A5379B21}"
EndProject
Global
	GlobalSection(SolutionConfigurationPlatforms) = preSolution
		Debug|Any CPU = Debug|Any CPU
		Release|Any CPU = Release|Any CPU
	EndGlobalSection
	GlobalSection(ProjectConfigurationPlatforms) = postSolution
		{33E92BD3-4EED-4C7F-B36B-F796A5379B21}.Debug|Any CPU.ActiveCfg = Debug|Any CPU
		{33E92BD3-4EED-4C7F-B36B-F796A5379B21}.Debug|Any CPU.Build.0 = Debug|Any CPU
		{33E92BD3-4EED-4C7F-B36B-F796A5379B21}.Release|Any CPU.ActiveCfg = Release|Any CPU
		{33E92BD3-4EED-4C7F-B36B-F796A5379B21}.Release|Any CPU.Build.0 = Release|Any CPU
	EndGlobalSection
	GlobalSection(SolutionProperties) = preSolution
		HideSolutionNode = FALSE
	EndGlobalSection
	GlobalSection(ExtensibilityGlobals) = postSolution
		SolutionGuid = {132A2258-FE9A-42AF-ABB2-A2AF7F69D4C1}
	EndGlobalSection
EndGlobal
