
Microsoft Visual Studio Solution File, Format Version 12.00
# Visual Studio Version 17
VisualStudioVersion = 17.14.36327.8 d17.14
MinimumVisualStudioVersion = 10.0.40219.1
Project("{FAE04EC0-301F-11D3-BF4B-00C04F79EFBC}") = "Lecture4Demo1", "Lecture4Demo1\Lecture4Demo1.csproj", "{EE46D6FA-F1A9-435D-96AB-C41157001BB7}"
EndProject
Global
	GlobalSection(SolutionConfigurationPlatforms) = preSolution
		Debug|Any CPU = Debug|Any CPU
		Release|Any CPU = Release|Any CPU
	EndGlobalSection
	GlobalSection(ProjectConfigurationPlatforms) = postSolution
		{EE46D6FA-F1A9-435D-96AB-C41157001BB7}.Debug|Any CPU.ActiveCfg = Debug|Any CPU
		{EE46D6FA-F1A9-435D-96AB-C41157001BB7}.Debug|Any CPU.Build.0 = Debug|Any CPU
		{EE46D6FA-F1A9-435D-96AB-C41157001BB7}.Release|Any CPU.ActiveCfg = Release|Any CPU
		{EE46D6FA-F1A9-435D-96AB-C41157001BB7}.Release|Any CPU.Build.0 = Release|Any CPU
	EndGlobalSection
	GlobalSection(SolutionProperties) = preSolution
		HideSolutionNode = FALSE
	EndGlobalSection
	GlobalSection(ExtensibilityGlobals) = postSolution
		SolutionGuid = {CAF99ABA-4CD3-4F1A-AB49-B073DB79D158}
	EndGlobalSection
EndGlobal
