
Microsoft Visual Studio Solution File, Format Version 12.00
# Visual Studio Version 17
VisualStudioVersion = 17.14.36705.20 d17.14
MinimumVisualStudioVersion = 10.0.40219.1
Project("{FAE04EC0-301F-11D3-BF4B-00C04F79EFBC}") = "ICA14_DareenKN", "ICA14_DareenKN\ICA14_DareenKN.csproj", "{4BB78BB4-F0F6-4EB2-94BA-6C5242D0D276}"
EndProject
Global
	GlobalSection(SolutionConfigurationPlatforms) = preSolution
		Debug|Any CPU = Debug|Any CPU
		Release|Any CPU = Release|Any CPU
	EndGlobalSection
	GlobalSection(ProjectConfigurationPlatforms) = postSolution
		{4BB78BB4-F0F6-4EB2-94BA-6C5242D0D276}.Debug|Any CPU.ActiveCfg = Debug|Any CPU
		{4BB78BB4-F0F6-4EB2-94BA-6C5242D0D276}.Debug|Any CPU.Build.0 = Debug|Any CPU
		{4BB78BB4-F0F6-4EB2-94BA-6C5242D0D276}.Release|Any CPU.ActiveCfg = Release|Any CPU
		{4BB78BB4-F0F6-4EB2-94BA-6C5242D0D276}.Release|Any CPU.Build.0 = Release|Any CPU
	EndGlobalSection
	GlobalSection(SolutionProperties) = preSolution
		HideSolutionNode = FALSE
	EndGlobalSection
	GlobalSection(ExtensibilityGlobals) = postSolution
		SolutionGuid = {C38779CB-E826-485D-8A71-DF924D89A9CD}
	EndGlobalSection
EndGlobal
