
Microsoft Visual Studio Solution File, Format Version 12.00
# Visual Studio Version 17
VisualStudioVersion = 17.14.36327.8 d17.14
MinimumVisualStudioVersion = 10.0.40219.1
Project("{FAE04EC0-301F-11D3-BF4B-00C04F79EFBC}") = "Lecture10Demo6", "Lecture10Demo6\Lecture10Demo6.csproj", "{51AC931F-9DE4-494C-B8AB-E513F48CCC59}"
EndProject
Global
	GlobalSection(SolutionConfigurationPlatforms) = preSolution
		Debug|Any CPU = Debug|Any CPU
		Release|Any CPU = Release|Any CPU
	EndGlobalSection
	GlobalSection(ProjectConfigurationPlatforms) = postSolution
		{51AC931F-9DE4-494C-B8AB-E513F48CCC59}.Debug|Any CPU.ActiveCfg = Debug|Any CPU
		{51AC931F-9DE4-494C-B8AB-E513F48CCC59}.Debug|Any CPU.Build.0 = Debug|Any CPU
		{51AC931F-9DE4-494C-B8AB-E513F48CCC59}.Release|Any CPU.ActiveCfg = Release|Any CPU
		{51AC931F-9DE4-494C-B8AB-E513F48CCC59}.Release|Any CPU.Build.0 = Release|Any CPU
	EndGlobalSection
	GlobalSection(SolutionProperties) = preSolution
		HideSolutionNode = FALSE
	EndGlobalSection
	GlobalSection(ExtensibilityGlobals) = postSolution
		SolutionGuid = {950DB3BD-0982-4256-B26D-2F395A3CDB8B}
	EndGlobalSection
EndGlobal
