
Microsoft Visual Studio Solution File, Format Version 12.00
# Visual Studio Version 17
VisualStudioVersion = 17.14.36327.8 d17.14
MinimumVisualStudioVersion = 10.0.40219.1
Project("{FAE04EC0-301F-11D3-BF4B-00C04F79EFBC}") = "week7day2Sorting_Selection_Sort", "week7day2Sorting_Selection_Sort\week7day2Sorting_Selection_Sort.csproj", "{DC0ED9B5-09F5-4D04-851B-3B9A0BB25D18}"
EndProject
Global
	GlobalSection(SolutionConfigurationPlatforms) = preSolution
		Debug|Any CPU = Debug|Any CPU
		Release|Any CPU = Release|Any CPU
	EndGlobalSection
	GlobalSection(ProjectConfigurationPlatforms) = postSolution
		{DC0ED9B5-09F5-4D04-851B-3B9A0BB25D18}.Debug|Any CPU.ActiveCfg = Debug|Any CPU
		{DC0ED9B5-09F5-4D04-851B-3B9A0BB25D18}.Debug|Any CPU.Build.0 = Debug|Any CPU
		{DC0ED9B5-09F5-4D04-851B-3B9A0BB25D18}.Release|Any CPU.ActiveCfg = Release|Any CPU
		{DC0ED9B5-09F5-4D04-851B-3B9A0BB25D18}.Release|Any CPU.Build.0 = Release|Any CPU
	EndGlobalSection
	GlobalSection(SolutionProperties) = preSolution
		HideSolutionNode = FALSE
	EndGlobalSection
	GlobalSection(ExtensibilityGlobals) = postSolution
		SolutionGuid = {92838004-4F40-4CDA-AB58-B083CE74E678}
	EndGlobalSection
EndGlobal
