
Microsoft Visual Studio Solution File, Format Version 12.00
# Visual Studio Version 17
VisualStudioVersion = 17.14.36327.8 d17.14
MinimumVisualStudioVersion = 10.0.40219.1
Project("{FAE04EC0-301F-11D3-BF4B-00C04F79EFBC}") = "EventConsolidationDemo", "EventConsolidationDemo\EventConsolidationDemo.csproj", "{8D2DC92B-92D3-4C42-984A-FD61FAE28E5F}"
EndProject
Global
	GlobalSection(SolutionConfigurationPlatforms) = preSolution
		Debug|Any CPU = Debug|Any CPU
		Release|Any CPU = Release|Any CPU
	EndGlobalSection
	GlobalSection(ProjectConfigurationPlatforms) = postSolution
		{8D2DC92B-92D3-4C42-984A-FD61FAE28E5F}.Debug|Any CPU.ActiveCfg = Debug|Any CPU
		{8D2DC92B-92D3-4C42-984A-FD61FAE28E5F}.Debug|Any CPU.Build.0 = Debug|Any CPU
		{8D2DC92B-92D3-4C42-984A-FD61FAE28E5F}.Release|Any CPU.ActiveCfg = Release|Any CPU
		{8D2DC92B-92D3-4C42-984A-FD61FAE28E5F}.Release|Any CPU.Build.0 = Release|Any CPU
	EndGlobalSection
	GlobalSection(SolutionProperties) = preSolution
		HideSolutionNode = FALSE
	EndGlobalSection
	GlobalSection(ExtensibilityGlobals) = postSolution
		SolutionGuid = {37BAC5CF-6A2A-49CB-ACD2-4F9FD4313EC2}
	EndGlobalSection
EndGlobal
