
Microsoft Visual Studio Solution File, Format Version 12.00
# Visual Studio Version 17
VisualStudioVersion = 17.14.36327.8 d17.14
MinimumVisualStudioVersion = 10.0.40219.1
Project("{FAE04EC0-301F-11D3-BF4B-00C04F79EFBC}") = "Lecture9Exercice4", "Lecture9Exercice4.csproj", "{375A8396-1F4B-4EA7-9AEC-4B5B80C50064}"
EndProject
Global
	GlobalSection(SolutionConfigurationPlatforms) = preSolution
		Debug|Any CPU = Debug|Any CPU
		Release|Any CPU = Release|Any CPU
	EndGlobalSection
	GlobalSection(ProjectConfigurationPlatforms) = postSolution
		{375A8396-1F4B-4EA7-9AEC-4B5B80C50064}.Debug|Any CPU.ActiveCfg = Debug|Any CPU
		{375A8396-1F4B-4EA7-9AEC-4B5B80C50064}.Debug|Any CPU.Build.0 = Debug|Any CPU
		{375A8396-1F4B-4EA7-9AEC-4B5B80C50064}.Release|Any CPU.ActiveCfg = Release|Any CPU
		{375A8396-1F4B-4EA7-9AEC-4B5B80C50064}.Release|Any CPU.Build.0 = Release|Any CPU
	EndGlobalSection
	GlobalSection(SolutionProperties) = preSolution
		HideSolutionNode = FALSE
	EndGlobalSection
	GlobalSection(ExtensibilityGlobals) = postSolution
		SolutionGuid = {1A42AE24-EADF-4650-A642-B1CBA100B2ED}
	EndGlobalSection
EndGlobal
