
Microsoft Visual Studio Solution File, Format Version 12.00
# Visual Studio Version 17
VisualStudioVersion = 17.14.36327.8 d17.14
MinimumVisualStudioVersion = 10.0.40219.1
Project("{FAE04EC0-301F-11D3-BF4B-00C04F79EFBC}") = "Lecture2BDemo2", "Lecture2BDemo2\Lecture2BDemo2.csproj", "{40CDCC5B-DA71-4910-96A6-16A0E19DAC24}"
EndProject
Global
	GlobalSection(SolutionConfigurationPlatforms) = preSolution
		Debug|Any CPU = Debug|Any CPU
		Release|Any CPU = Release|Any CPU
	EndGlobalSection
	GlobalSection(ProjectConfigurationPlatforms) = postSolution
		{40CDCC5B-DA71-4910-96A6-16A0E19DAC24}.Debug|Any CPU.ActiveCfg = Debug|Any CPU
		{40CDCC5B-DA71-4910-96A6-16A0E19DAC24}.Debug|Any CPU.Build.0 = Debug|Any CPU
		{40CDCC5B-DA71-4910-96A6-16A0E19DAC24}.Release|Any CPU.ActiveCfg = Release|Any CPU
		{40CDCC5B-DA71-4910-96A6-16A0E19DAC24}.Release|Any CPU.Build.0 = Release|Any CPU
	EndGlobalSection
	GlobalSection(SolutionProperties) = preSolution
		HideSolutionNode = FALSE
	EndGlobalSection
	GlobalSection(ExtensibilityGlobals) = postSolution
		SolutionGuid = {7946BA78-2576-4809-AFE9-8916151CC892}
	EndGlobalSection
EndGlobal
