
Microsoft Visual Studio Solution File, Format Version 12.00
# Visual Studio Version 17
VisualStudioVersion = 17.14.36401.2 d17.14
MinimumVisualStudioVersion = 10.0.40219.1
Project("{FAE04EC0-301F-11D3-BF4B-00C04F79EFBC}") = "lectur4Demo2", "lectur4Demo2\lectur4Demo2.csproj", "{A7B8A025-E879-4C51-BD3C-31526AA8BB33}"
EndProject
Global
	GlobalSection(SolutionConfigurationPlatforms) = preSolution
		Debug|Any CPU = Debug|Any CPU
		Release|Any CPU = Release|Any CPU
	EndGlobalSection
	GlobalSection(ProjectConfigurationPlatforms) = postSolution
		{A7B8A025-E879-4C51-BD3C-31526AA8BB33}.Debug|Any CPU.ActiveCfg = Debug|Any CPU
		{A7B8A025-E879-4C51-BD3C-31526AA8BB33}.Debug|Any CPU.Build.0 = Debug|Any CPU
		{A7B8A025-E879-4C51-BD3C-31526AA8BB33}.Release|Any CPU.ActiveCfg = Release|Any CPU
		{A7B8A025-E879-4C51-BD3C-31526AA8BB33}.Release|Any CPU.Build.0 = Release|Any CPU
	EndGlobalSection
	GlobalSection(SolutionProperties) = preSolution
		HideSolutionNode = FALSE
	EndGlobalSection
	GlobalSection(ExtensibilityGlobals) = postSolution
		SolutionGuid = {C451176B-3C7A-48FA-832E-B576F7705F98}
	EndGlobalSection
EndGlobal
