
Microsoft Visual Studio Solution File, Format Version 12.00
# Visual Studio Version 17
VisualStudioVersion = 17.14.36327.8 d17.14
MinimumVisualStudioVersion = 10.0.40219.1
Project("{FAE04EC0-301F-11D3-BF4B-00C04F79EFBC}") = "Lecture5Demo1", "Lecture5Demo1\Lecture5Demo1.csproj", "{410290D7-F229-438B-813F-F078B68B841C}"
EndProject
Global
	GlobalSection(SolutionConfigurationPlatforms) = preSolution
		Debug|Any CPU = Debug|Any CPU
		Release|Any CPU = Release|Any CPU
	EndGlobalSection
	GlobalSection(ProjectConfigurationPlatforms) = postSolution
		{410290D7-F229-438B-813F-F078B68B841C}.Debug|Any CPU.ActiveCfg = Debug|Any CPU
		{410290D7-F229-438B-813F-F078B68B841C}.Debug|Any CPU.Build.0 = Debug|Any CPU
		{410290D7-F229-438B-813F-F078B68B841C}.Release|Any CPU.ActiveCfg = Release|Any CPU
		{410290D7-F229-438B-813F-F078B68B841C}.Release|Any CPU.Build.0 = Release|Any CPU
	EndGlobalSection
	GlobalSection(SolutionProperties) = preSolution
		HideSolutionNode = FALSE
	EndGlobalSection
	GlobalSection(ExtensibilityGlobals) = postSolution
		SolutionGuid = {AA049F71-C08C-42C9-9B2C-A5F5E41E1DFD}
	EndGlobalSection
EndGlobal
