
Microsoft Visual Studio Solution File, Format Version 12.00
# Visual Studio Version 17
VisualStudioVersion = 17.7.34024.191
MinimumVisualStudioVersion = 10.0.40219.1
Project("{FAE04EC0-301F-11D3-BF4B-00C04F79EFBC}") = "PracticeExam2Q2", "PracticeExam2Q2\PracticeExam2Q2.csproj", "{7BA7E2B7-1E2D-4C31-A23B-CF040A70AA4B}"
EndProject
Global
	GlobalSection(SolutionConfigurationPlatforms) = preSolution
		Debug|Any CPU = Debug|Any CPU
		Release|Any CPU = Release|Any CPU
	EndGlobalSection
	GlobalSection(ProjectConfigurationPlatforms) = postSolution
		{7BA7E2B7-1E2D-4C31-A23B-CF040A70AA4B}.Debug|Any CPU.ActiveCfg = Debug|Any CPU
		{7BA7E2B7-1E2D-4C31-A23B-CF040A70AA4B}.Debug|Any CPU.Build.0 = Debug|Any CPU
		{7BA7E2B7-1E2D-4C31-A23B-CF040A70AA4B}.Release|Any CPU.ActiveCfg = Release|Any CPU
		{7BA7E2B7-1E2D-4C31-A23B-CF040A70AA4B}.Release|Any CPU.Build.0 = Release|Any CPU
	EndGlobalSection
	GlobalSection(SolutionProperties) = preSolution
		HideSolutionNode = FALSE
	EndGlobalSection
	GlobalSection(ExtensibilityGlobals) = postSolution
		SolutionGuid = {A85DC765-7417-406A-B690-F1296B02EC54}
	EndGlobalSection
EndGlobal
