
Microsoft Visual Studio Solution File, Format Version 12.00
# Visual Studio Version 17
VisualStudioVersion = 17.14.36327.8 d17.14
MinimumVisualStudioVersion = 10.0.40219.1
Project("{FAE04EC0-301F-11D3-BF4B-00C04F79EFBC}") = "Lecture10Demo4", "Lecture10Demo4\Lecture10Demo4.csproj", "{DED3FE09-7233-47DE-A024-5F6BDC89AF16}"
EndProject
Global
	GlobalSection(SolutionConfigurationPlatforms) = preSolution
		Debug|Any CPU = Debug|Any CPU
		Release|Any CPU = Release|Any CPU
	EndGlobalSection
	GlobalSection(ProjectConfigurationPlatforms) = postSolution
		{DED3FE09-7233-47DE-A024-5F6BDC89AF16}.Debug|Any CPU.ActiveCfg = Debug|Any CPU
		{DED3FE09-7233-47DE-A024-5F6BDC89AF16}.Debug|Any CPU.Build.0 = Debug|Any CPU
		{DED3FE09-7233-47DE-A024-5F6BDC89AF16}.Release|Any CPU.ActiveCfg = Release|Any CPU
		{DED3FE09-7233-47DE-A024-5F6BDC89AF16}.Release|Any CPU.Build.0 = Release|Any CPU
	EndGlobalSection
	GlobalSection(SolutionProperties) = preSolution
		HideSolutionNode = FALSE
	EndGlobalSection
	GlobalSection(ExtensibilityGlobals) = postSolution
		SolutionGuid = {FD7890BD-BBF1-480A-8304-662A25B2E752}
	EndGlobalSection
EndGlobal
